// !$*UTF8*$!
{
	archiveVersion = 1;
	classes = {
	};
	objectVersion = 50;
	objects = {

/* Begin PBXBuildFile section */
		EE1BB073223FB5CB003A9CFB /* FilterTableViewCell.swift in Sources */ = {isa = PBXBuildFile; fileRef = EE1BB072223FB5CB003A9CFB /* FilterTableViewCell.swift */; };
		EE518982224314A800B6BF5C /* FilterDescriptionView.swift in Sources */ = {isa = PBXBuildFile; fileRef = EE518981224314A800B6BF5C /* FilterDescriptionView.swift */; };
		EE870049223D3A3600368CB8 /* AppDelegate.swift in Sources */ = {isa = PBXBuildFile; fileRef = EE870048223D3A3600368CB8 /* AppDelegate.swift */; };
		EE87004B223D3A3600368CB8 /* ViewController.swift in Sources */ = {isa = PBXBuildFile; fileRef = EE87004A223D3A3600368CB8 /* ViewController.swift */; };
		EE87004E223D3A3600368CB8 /* Main.storyboard in Resources */ = {isa = PBXBuildFile; fileRef = EE87004C223D3A3600368CB8 /* Main.storyboard */; };
		EE870050223D3A3800368CB8 /* Assets.xcassets in Resources */ = {isa = PBXBuildFile; fileRef = EE87004F223D3A3800368CB8 /* Assets.xcassets */; };
		EE870053223D3A3800368CB8 /* LaunchScreen.storyboard in Resources */ = {isa = PBXBuildFile; fileRef = EE870051223D3A3800368CB8 /* LaunchScreen.storyboard */; };
		EE87005E223D3A3800368CB8 /* iOS_Image_FilteringTests.swift in Sources */ = {isa = PBXBuildFile; fileRef = EE87005D223D3A3800368CB8 /* iOS_Image_FilteringTests.swift */; };
		EE870069223D3A3800368CB8 /* iOS_Image_FilteringUITests.swift in Sources */ = {isa = PBXBuildFile; fileRef = EE870068223D3A3800368CB8 /* iOS_Image_FilteringUITests.swift */; };
		EE87007C223D3A5C00368CB8 /* Array+Extensions.swift in Sources */ = {isa = PBXBuildFile; fileRef = EE870077223D3A5C00368CB8 /* Array+Extensions.swift */; };
		EE87007D223D3A5C00368CB8 /* NSColor+Extensions.swift in Sources */ = {isa = PBXBuildFile; fileRef = EE870078223D3A5C00368CB8 /* NSColor+Extensions.swift */; };
		EE87007E223D3A5C00368CB8 /* UIImage+Extensions.swift in Sources */ = {isa = PBXBuildFile; fileRef = EE870079223D3A5C00368CB8 /* UIImage+Extensions.swift */; };
		EE87007F223D3A5C00368CB8 /* GLKMatrix3+Extensions.swift in Sources */ = {isa = PBXBuildFile; fileRef = EE87007A223D3A5C00368CB8 /* GLKMatrix3+Extensions.swift */; };
		EE870080223D3A5C00368CB8 /* NSImageView+Extensions.swift in Sources */ = {isa = PBXBuildFile; fileRef = EE87007B223D3A5C00368CB8 /* NSImageView+Extensions.swift */; };
		EE87008A223D3A6200368CB8 /* Histogram.swift in Sources */ = {isa = PBXBuildFile; fileRef = EE870082223D3A6100368CB8 /* Histogram.swift */; };
		EE87008B223D3A6200368CB8 /* Image.swift in Sources */ = {isa = PBXBuildFile; fileRef = EE870083223D3A6200368CB8 /* Image.swift */; };
		EE87008C223D3A6200368CB8 /* HistogramOperation.swift in Sources */ = {isa = PBXBuildFile; fileRef = EE870084223D3A6200368CB8 /* HistogramOperation.swift */; };
		EE87008D223D3A6200368CB8 /* RGBAPixel.swift in Sources */ = {isa = PBXBuildFile; fileRef = EE870085223D3A6200368CB8 /* RGBAPixel.swift */; };
		EE87008E223D3A6200368CB8 /* Filter.swift in Sources */ = {isa = PBXBuildFile; fileRef = EE870086223D3A6200368CB8 /* Filter.swift */; };
		EE87008F223D3A6200368CB8 /* Filters.swift in Sources */ = {isa = PBXBuildFile; fileRef = EE870087223D3A6200368CB8 /* Filters.swift */; };
		EE870090223D3A6200368CB8 /* EditableImages.swift in Sources */ = {isa = PBXBuildFile; fileRef = EE870088223D3A6200368CB8 /* EditableImages.swift */; };
		EE870091223D3A6200368CB8 /* LABPixel.swift in Sources */ = {isa = PBXBuildFile; fileRef = EE870089223D3A6200368CB8 /* LABPixel.swift */; };
		EE870096223D58DE00368CB8 /* StartPickerView.swift in Sources */ = {isa = PBXBuildFile; fileRef = EE870095223D58DE00368CB8 /* StartPickerView.swift */; };
		EEC04D442245A21000C50009 /* FilterDescriptionFactory.swift in Sources */ = {isa = PBXBuildFile; fileRef = EEC04D432245A21000C50009 /* FilterDescriptionFactory.swift */; };
/* End PBXBuildFile section */

/* Begin PBXContainerItemProxy section */
		EE87005A223D3A3800368CB8 /* PBXContainerItemProxy */ = {
			isa = PBXContainerItemProxy;
			containerPortal = EE87003D223D3A3600368CB8 /* Project object */;
			proxyType = 1;
			remoteGlobalIDString = EE870044223D3A3600368CB8;
			remoteInfo = "iOS Image Filtering";
		};
		EE870065223D3A3800368CB8 /* PBXContainerItemProxy */ = {
			isa = PBXContainerItemProxy;
			containerPortal = EE87003D223D3A3600368CB8 /* Project object */;
			proxyType = 1;
			remoteGlobalIDString = EE870044223D3A3600368CB8;
			remoteInfo = "iOS Image Filtering";
		};
/* End PBXContainerItemProxy section */

/* Begin PBXFileReference section */
		EE1BB072223FB5CB003A9CFB /* FilterTableViewCell.swift */ = {isa = PBXFileReference; lastKnownFileType = sourcecode.swift; path = FilterTableViewCell.swift; sourceTree = "<group>"; };
		EE518981224314A800B6BF5C /* FilterDescriptionView.swift */ = {isa = PBXFileReference; lastKnownFileType = sourcecode.swift; path = FilterDescriptionView.swift; sourceTree = "<group>"; };
		EE870045223D3A3600368CB8 /* iOS Image Filtering.app */ = {isa = PBXFileReference; explicitFileType = wrapper.application; includeInIndex = 0; path = "iOS Image Filtering.app"; sourceTree = BUILT_PRODUCTS_DIR; };
		EE870048223D3A3600368CB8 /* AppDelegate.swift */ = {isa = PBXFileReference; lastKnownFileType = sourcecode.swift; path = AppDelegate.swift; sourceTree = "<group>"; };
		EE87004A223D3A3600368CB8 /* ViewController.swift */ = {isa = PBXFileReference; lastKnownFileType = sourcecode.swift; path = ViewController.swift; sourceTree = "<group>"; };
		EE87004D223D3A3600368CB8 /* Base */ = {isa = PBXFileReference; lastKnownFileType = file.storyboard; name = Base; path = Base.lproj/Main.storyboard; sourceTree = "<group>"; };
		EE87004F223D3A3800368CB8 /* Assets.xcassets */ = {isa = PBXFileReference; lastKnownFileType = folder.assetcatalog; path = Assets.xcassets; sourceTree = "<group>"; };
		EE870052223D3A3800368CB8 /* Base */ = {isa = PBXFileReference; lastKnownFileType = file.storyboard; name = Base; path = Base.lproj/LaunchScreen.storyboard; sourceTree = "<group>"; };
		EE870054223D3A3800368CB8 /* Info.plist */ = {isa = PBXFileReference; lastKnownFileType = text.plist.xml; path = Info.plist; sourceTree = "<group>"; };
		EE870059223D3A3800368CB8 /* iOS Image FilteringTests.xctest */ = {isa = PBXFileReference; explicitFileType = wrapper.cfbundle; includeInIndex = 0; path = "iOS Image FilteringTests.xctest"; sourceTree = BUILT_PRODUCTS_DIR; };
		EE87005D223D3A3800368CB8 /* iOS_Image_FilteringTests.swift */ = {isa = PBXFileReference; lastKnownFileType = sourcecode.swift; path = iOS_Image_FilteringTests.swift; sourceTree = "<group>"; };
		EE87005F223D3A3800368CB8 /* Info.plist */ = {isa = PBXFileReference; lastKnownFileType = text.plist.xml; path = Info.plist; sourceTree = "<group>"; };
		EE870064223D3A3800368CB8 /* iOS Image FilteringUITests.xctest */ = {isa = PBXFileReference; explicitFileType = wrapper.cfbundle; includeInIndex = 0; path = "iOS Image FilteringUITests.xctest"; sourceTree = BUILT_PRODUCTS_DIR; };
		EE870068223D3A3800368CB8 /* iOS_Image_FilteringUITests.swift */ = {isa = PBXFileReference; lastKnownFileType = sourcecode.swift; path = iOS_Image_FilteringUITests.swift; sourceTree = "<group>"; };
		EE87006A223D3A3800368CB8 /* Info.plist */ = {isa = PBXFileReference; lastKnownFileType = text.plist.xml; path = Info.plist; sourceTree = "<group>"; };
		EE870077223D3A5C00368CB8 /* Array+Extensions.swift */ = {isa = PBXFileReference; fileEncoding = 4; lastKnownFileType = sourcecode.swift; path = "Array+Extensions.swift"; sourceTree = "<group>"; };
		EE870078223D3A5C00368CB8 /* NSColor+Extensions.swift */ = {isa = PBXFileReference; fileEncoding = 4; lastKnownFileType = sourcecode.swift; path = "NSColor+Extensions.swift"; sourceTree = "<group>"; };
		EE870079223D3A5C00368CB8 /* UIImage+Extensions.swift */ = {isa = PBXFileReference; fileEncoding = 4; lastKnownFileType = sourcecode.swift; path = "UIImage+Extensions.swift"; sourceTree = "<group>"; };
		EE87007A223D3A5C00368CB8 /* GLKMatrix3+Extensions.swift */ = {isa = PBXFileReference; fileEncoding = 4; lastKnownFileType = sourcecode.swift; path = "GLKMatrix3+Extensions.swift"; sourceTree = "<group>"; };
		EE87007B223D3A5C00368CB8 /* NSImageView+Extensions.swift */ = {isa = PBXFileReference; fileEncoding = 4; lastKnownFileType = sourcecode.swift; path = "NSImageView+Extensions.swift"; sourceTree = "<group>"; };
		EE870082223D3A6100368CB8 /* Histogram.swift */ = {isa = PBXFileReference; fileEncoding = 4; lastKnownFileType = sourcecode.swift; path = Histogram.swift; sourceTree = "<group>"; };
		EE870083223D3A6200368CB8 /* Image.swift */ = {isa = PBXFileReference; fileEncoding = 4; lastKnownFileType = sourcecode.swift; path = Image.swift; sourceTree = "<group>"; };
		EE870084223D3A6200368CB8 /* HistogramOperation.swift */ = {isa = PBXFileReference; fileEncoding = 4; lastKnownFileType = sourcecode.swift; path = HistogramOperation.swift; sourceTree = "<group>"; };
		EE870085223D3A6200368CB8 /* RGBAPixel.swift */ = {isa = PBXFileReference; fileEncoding = 4; lastKnownFileType = sourcecode.swift; path = RGBAPixel.swift; sourceTree = "<group>"; };
		EE870086223D3A6200368CB8 /* Filter.swift */ = {isa = PBXFileReference; fileEncoding = 4; lastKnownFileType = sourcecode.swift; path = Filter.swift; sourceTree = "<group>"; };
		EE870087223D3A6200368CB8 /* Filters.swift */ = {isa = PBXFileReference; fileEncoding = 4; lastKnownFileType = sourcecode.swift; path = Filters.swift; sourceTree = "<group>"; };
		EE870088223D3A6200368CB8 /* EditableImages.swift */ = {isa = PBXFileReference; fileEncoding = 4; lastKnownFileType = sourcecode.swift; path = EditableImages.swift; sourceTree = "<group>"; };
		EE870089223D3A6200368CB8 /* LABPixel.swift */ = {isa = PBXFileReference; fileEncoding = 4; lastKnownFileType = sourcecode.swift; path = LABPixel.swift; sourceTree = "<group>"; };
		EE870095223D58DE00368CB8 /* StartPickerView.swift */ = {isa = PBXFileReference; lastKnownFileType = sourcecode.swift; path = StartPickerView.swift; sourceTree = "<group>"; };
		EEC04D432245A21000C50009 /* FilterDescriptionFactory.swift */ = {isa = PBXFileReference; lastKnownFileType = sourcecode.swift; path = FilterDescriptionFactory.swift; sourceTree = "<group>"; };
/* End PBXFileReference section */

/* Begin PBXFrameworksBuildPhase section */
		EE870042223D3A3600368CB8 /* Frameworks */ = {
			isa = PBXFrameworksBuildPhase;
			buildActionMask = 2147483647;
			files = (
			);
			runOnlyForDeploymentPostprocessing = 0;
		};
		EE870056223D3A3800368CB8 /* Frameworks */ = {
			isa = PBXFrameworksBuildPhase;
			buildActionMask = 2147483647;
			files = (
			);
			runOnlyForDeploymentPostprocessing = 0;
		};
		EE870061223D3A3800368CB8 /* Frameworks */ = {
			isa = PBXFrameworksBuildPhase;
			buildActionMask = 2147483647;
			files = (
			);
			runOnlyForDeploymentPostprocessing = 0;
		};
/* End PBXFrameworksBuildPhase section */

/* Begin PBXGroup section */
		EE87003C223D3A3600368CB8 = {
			isa = PBXGroup;
			children = (
				EE870047223D3A3600368CB8 /* iOS Image Filtering */,
				EE87005C223D3A3800368CB8 /* iOS Image FilteringTests */,
				EE870067223D3A3800368CB8 /* iOS Image FilteringUITests */,
				EE870046223D3A3600368CB8 /* Products */,
			);
			sourceTree = "<group>";
		};
		EE870046223D3A3600368CB8 /* Products */ = {
			isa = PBXGroup;
			children = (
				EE870045223D3A3600368CB8 /* iOS Image Filtering.app */,
				EE870059223D3A3800368CB8 /* iOS Image FilteringTests.xctest */,
				EE870064223D3A3800368CB8 /* iOS Image FilteringUITests.xctest */,
			);
			name = Products;
			sourceTree = "<group>";
		};
		EE870047223D3A3600368CB8 /* iOS Image Filtering */ = {
			isa = PBXGroup;
			children = (
				EE870081223D3A6100368CB8 /* Model */,
				EE870076223D3A5C00368CB8 /* Extensions */,
				EE870048223D3A3600368CB8 /* AppDelegate.swift */,
				EE87004A223D3A3600368CB8 /* ViewController.swift */,
				EE1BB072223FB5CB003A9CFB /* FilterTableViewCell.swift */,
				EE870095223D58DE00368CB8 /* StartPickerView.swift */,
				EE518981224314A800B6BF5C /* FilterDescriptionView.swift */,
				EEC04D432245A21000C50009 /* FilterDescriptionFactory.swift */,
				EE87004F223D3A3800368CB8 /* Assets.xcassets */,
				EE870094223D58AF00368CB8 /* Useless for Playground? */,
				EE870054223D3A3800368CB8 /* Info.plist */,
			);
			path = "iOS Image Filtering";
			sourceTree = "<group>";
		};
		EE87005C223D3A3800368CB8 /* iOS Image FilteringTests */ = {
			isa = PBXGroup;
			children = (
				EE87005D223D3A3800368CB8 /* iOS_Image_FilteringTests.swift */,
				EE87005F223D3A3800368CB8 /* Info.plist */,
			);
			path = "iOS Image FilteringTests";
			sourceTree = "<group>";
		};
		EE870067223D3A3800368CB8 /* iOS Image FilteringUITests */ = {
			isa = PBXGroup;
			children = (
				EE870068223D3A3800368CB8 /* iOS_Image_FilteringUITests.swift */,
				EE87006A223D3A3800368CB8 /* Info.plist */,
			);
			path = "iOS Image FilteringUITests";
			sourceTree = "<group>";
		};
		EE870076223D3A5C00368CB8 /* Extensions */ = {
			isa = PBXGroup;
			children = (
				EE870077223D3A5C00368CB8 /* Array+Extensions.swift */,
				EE870078223D3A5C00368CB8 /* NSColor+Extensions.swift */,
				EE870079223D3A5C00368CB8 /* UIImage+Extensions.swift */,
				EE87007A223D3A5C00368CB8 /* GLKMatrix3+Extensions.swift */,
				EE87007B223D3A5C00368CB8 /* NSImageView+Extensions.swift */,
			);
			path = Extensions;
			sourceTree = "<group>";
		};
		EE870081223D3A6100368CB8 /* Model */ = {
			isa = PBXGroup;
			children = (
				EE870082223D3A6100368CB8 /* Histogram.swift */,
				EE870083223D3A6200368CB8 /* Image.swift */,
				EE870084223D3A6200368CB8 /* HistogramOperation.swift */,
				EE870085223D3A6200368CB8 /* RGBAPixel.swift */,
				EE870086223D3A6200368CB8 /* Filter.swift */,
				EE870087223D3A6200368CB8 /* Filters.swift */,
				EE870088223D3A6200368CB8 /* EditableImages.swift */,
				EE870089223D3A6200368CB8 /* LABPixel.swift */,
			);
			path = Model;
			sourceTree = "<group>";
		};
		EE870094223D58AF00368CB8 /* Useless for Playground? */ = {
			isa = PBXGroup;
			children = (
				EE870051223D3A3800368CB8 /* LaunchScreen.storyboard */,
				EE87004C223D3A3600368CB8 /* Main.storyboard */,
			);
			path = "Useless for Playground?";
			sourceTree = "<group>";
		};
/* End PBXGroup section */

/* Begin PBXNativeTarget section */
		EE870044223D3A3600368CB8 /* iOS Image Filtering */ = {
			isa = PBXNativeTarget;
			buildConfigurationList = EE87006D223D3A3800368CB8 /* Build configuration list for PBXNativeTarget "iOS Image Filtering" */;
			buildPhases = (
				EE870041223D3A3600368CB8 /* Sources */,
				EE870042223D3A3600368CB8 /* Frameworks */,
				EE870043223D3A3600368CB8 /* Resources */,
			);
			buildRules = (
			);
			dependencies = (
			);
			name = "iOS Image Filtering";
			productName = "iOS Image Filtering";
			productReference = EE870045223D3A3600368CB8 /* iOS Image Filtering.app */;
			productType = "com.apple.product-type.application";
		};
		EE870058223D3A3800368CB8 /* iOS Image FilteringTests */ = {
			isa = PBXNativeTarget;
			buildConfigurationList = EE870070223D3A3800368CB8 /* Build configuration list for PBXNativeTarget "iOS Image FilteringTests" */;
			buildPhases = (
				EE870055223D3A3800368CB8 /* Sources */,
				EE870056223D3A3800368CB8 /* Frameworks */,
				EE870057223D3A3800368CB8 /* Resources */,
			);
			buildRules = (
			);
			dependencies = (
				EE87005B223D3A3800368CB8 /* PBXTargetDependency */,
			);
			name = "iOS Image FilteringTests";
			productName = "iOS Image FilteringTests";
			productReference = EE870059223D3A3800368CB8 /* iOS Image FilteringTests.xctest */;
			productType = "com.apple.product-type.bundle.unit-test";
		};
		EE870063223D3A3800368CB8 /* iOS Image FilteringUITests */ = {
			isa = PBXNativeTarget;
			buildConfigurationList = EE870073223D3A3800368CB8 /* Build configuration list for PBXNativeTarget "iOS Image FilteringUITests" */;
			buildPhases = (
				EE870060223D3A3800368CB8 /* Sources */,
				EE870061223D3A3800368CB8 /* Frameworks */,
				EE870062223D3A3800368CB8 /* Resources */,
			);
			buildRules = (
			);
			dependencies = (
				EE870066223D3A3800368CB8 /* PBXTargetDependency */,
			);
			name = "iOS Image FilteringUITests";
			productName = "iOS Image FilteringUITests";
			productReference = EE870064223D3A3800368CB8 /* iOS Image FilteringUITests.xctest */;
			productType = "com.apple.product-type.bundle.ui-testing";
		};
/* End PBXNativeTarget section */

/* Begin PBXProject section */
		EE87003D223D3A3600368CB8 /* Project object */ = {
			isa = PBXProject;
			attributes = {
				LastSwiftUpdateCheck = 1010;
				LastUpgradeCheck = 1010;
				ORGANIZATIONNAME = "Victor Melo";
				TargetAttributes = {
					EE870044223D3A3600368CB8 = {
						CreatedOnToolsVersion = 10.1;
					};
					EE870058223D3A3800368CB8 = {
						CreatedOnToolsVersion = 10.1;
						TestTargetID = EE870044223D3A3600368CB8;
					};
					EE870063223D3A3800368CB8 = {
						CreatedOnToolsVersion = 10.1;
						TestTargetID = EE870044223D3A3600368CB8;
					};
				};
			};
			buildConfigurationList = EE870040223D3A3600368CB8 /* Build configuration list for PBXProject "iOS Image Filtering" */;
			compatibilityVersion = "Xcode 9.3";
			developmentRegion = en;
			hasScannedForEncodings = 0;
			knownRegions = (
				en,
				Base,
			);
			mainGroup = EE87003C223D3A3600368CB8;
			productRefGroup = EE870046223D3A3600368CB8 /* Products */;
			projectDirPath = "";
			projectRoot = "";
			targets = (
				EE870044223D3A3600368CB8 /* iOS Image Filtering */,
				EE870058223D3A3800368CB8 /* iOS Image FilteringTests */,
				EE870063223D3A3800368CB8 /* iOS Image FilteringUITests */,
			);
		};
/* End PBXProject section */

/* Begin PBXResourcesBuildPhase section */
		EE870043223D3A3600368CB8 /* Resources */ = {
			isa = PBXResourcesBuildPhase;
			buildActionMask = 2147483647;
			files = (
				EE870053223D3A3800368CB8 /* LaunchScreen.storyboard in Resources */,
				EE870050223D3A3800368CB8 /* Assets.xcassets in Resources */,
				EE87004E223D3A3600368CB8 /* Main.storyboard in Resources */,
			);
			runOnlyForDeploymentPostprocessing = 0;
		};
		EE870057223D3A3800368CB8 /* Resources */ = {
			isa = PBXResourcesBuildPhase;
			buildActionMask = 2147483647;
			files = (
			);
			runOnlyForDeploymentPostprocessing = 0;
		};
		EE870062223D3A3800368CB8 /* Resources */ = {
			isa = PBXResourcesBuildPhase;
			buildActionMask = 2147483647;
			files = (
			);
			runOnlyForDeploymentPostprocessing = 0;
		};
/* End PBXResourcesBuildPhase section */

/* Begin PBXSourcesBuildPhase section */
		EE870041223D3A3600368CB8 /* Sources */ = {
			isa = PBXSourcesBuildPhase;
			buildActionMask = 2147483647;
			files = (
				EE87008A223D3A6200368CB8 /* Histogram.swift in Sources */,
				EE870091223D3A6200368CB8 /* LABPixel.swift in Sources */,
				EE87008E223D3A6200368CB8 /* Filter.swift in Sources */,
				EE1BB073223FB5CB003A9CFB /* FilterTableViewCell.swift in Sources */,
				EE87008B223D3A6200368CB8 /* Image.swift in Sources */,
				EE870090223D3A6200368CB8 /* EditableImages.swift in Sources */,
				EE87008D223D3A6200368CB8 /* RGBAPixel.swift in Sources */,
				EE87004B223D3A3600368CB8 /* ViewController.swift in Sources */,
				EE87008F223D3A6200368CB8 /* Filters.swift in Sources */,
				EE518982224314A800B6BF5C /* FilterDescriptionView.swift in Sources */,
				EE87007C223D3A5C00368CB8 /* Array+Extensions.swift in Sources */,
				EE87007D223D3A5C00368CB8 /* NSColor+Extensions.swift in Sources */,
				EE870096223D58DE00368CB8 /* StartPickerView.swift in Sources */,
				EE87007E223D3A5C00368CB8 /* UIImage+Extensions.swift in Sources */,
				EEC04D442245A21000C50009 /* FilterDescriptionFactory.swift in Sources */,
				EE870049223D3A3600368CB8 /* AppDelegate.swift in Sources */,
				EE87007F223D3A5C00368CB8 /* GLKMatrix3+Extensions.swift in Sources */,
				EE87008C223D3A6200368CB8 /* HistogramOperation.swift in Sources */,
				EE870080223D3A5C00368CB8 /* NSImageView+Extensions.swift in Sources */,
			);
			runOnlyForDeploymentPostprocessing = 0;
		};
		EE870055223D3A3800368CB8 /* Sources */ = {
			isa = PBXSourcesBuildPhase;
			buildActionMask = 2147483647;
			files = (
				EE87005E223D3A3800368CB8 /* iOS_Image_FilteringTests.swift in Sources */,
			);
			runOnlyForDeploymentPostprocessing = 0;
		};
		EE870060223D3A3800368CB8 /* Sources */ = {
			isa = PBXSourcesBuildPhase;
			buildActionMask = 2147483647;
			files = (
				EE870069223D3A3800368CB8 /* iOS_Image_FilteringUITests.swift in Sources */,
			);
			runOnlyForDeploymentPostprocessing = 0;
		};
/* End PBXSourcesBuildPhase section */

/* Begin PBXTargetDependency section */
		EE87005B223D3A3800368CB8 /* PBXTargetDependency */ = {
			isa = PBXTargetDependency;
			target = EE870044223D3A3600368CB8 /* iOS Image Filtering */;
			targetProxy = EE87005A223D3A3800368CB8 /* PBXContainerItemProxy */;
		};
		EE870066223D3A3800368CB8 /* PBXTargetDependency */ = {
			isa = PBXTargetDependency;
			target = EE870044223D3A3600368CB8 /* iOS Image Filtering */;
			targetProxy = EE870065223D3A3800368CB8 /* PBXContainerItemProxy */;
		};
/* End PBXTargetDependency section */

/* Begin PBXVariantGroup section */
		EE87004C223D3A3600368CB8 /* Main.storyboard */ = {
			isa = PBXVariantGroup;
			children = (
				EE87004D223D3A3600368CB8 /* Base */,
			);
			name = Main.storyboard;
			sourceTree = "<group>";
		};
		EE870051223D3A3800368CB8 /* LaunchScreen.storyboard */ = {
			isa = PBXVariantGroup;
			children = (
				EE870052223D3A3800368CB8 /* Base */,
			);
			name = LaunchScreen.storyboard;
			sourceTree = "<group>";
		};
/* End PBXVariantGroup section */

/* Begin XCBuildConfiguration section */
		EE87006B223D3A3800368CB8 /* Debug */ = {
			isa = XCBuildConfiguration;
			buildSettings = {
				ALWAYS_SEARCH_USER_PATHS = NO;
				CLANG_ANALYZER_NONNULL = YES;
				CLANG_ANALYZER_NUMBER_OBJECT_CONVERSION = YES_AGGRESSIVE;
				CLANG_CXX_LANGUAGE_STANDARD = "gnu++14";
				CLANG_CXX_LIBRARY = "libc++";
				CLANG_ENABLE_MODULES = YES;
				CLANG_ENABLE_OBJC_ARC = YES;
				CLANG_ENABLE_OBJC_WEAK = YES;
				CLANG_WARN_BLOCK_CAPTURE_AUTORELEASING = YES;
				CLANG_WARN_BOOL_CONVERSION = YES;
				CLANG_WARN_COMMA = YES;
				CLANG_WARN_CONSTANT_CONVERSION = YES;
				CLANG_WARN_DEPRECATED_OBJC_IMPLEMENTATIONS = YES;
				CLANG_WARN_DIRECT_OBJC_ISA_USAGE = YES_ERROR;
				CLANG_WARN_DOCUMENTATION_COMMENTS = YES;
				CLANG_WARN_EMPTY_BODY = YES;
				CLANG_WARN_ENUM_CONVERSION = YES;
				CLANG_WARN_INFINITE_RECURSION = YES;
				CLANG_WARN_INT_CONVERSION = YES;
				CLANG_WARN_NON_LITERAL_NULL_CONVERSION = YES;
				CLANG_WARN_OBJC_IMPLICIT_RETAIN_SELF = YES;
				CLANG_WARN_OBJC_LITERAL_CONVERSION = YES;
				CLANG_WARN_OBJC_ROOT_CLASS = YES_ERROR;
				CLANG_WARN_RANGE_LOOP_ANALYSIS = YES;
				CLANG_WARN_STRICT_PROTOTYPES = YES;
				CLANG_WARN_SUSPICIOUS_MOVE = YES;
				CLANG_WARN_UNGUARDED_AVAILABILITY = YES_AGGRESSIVE;
				CLANG_WARN_UNREACHABLE_CODE = YES;
				CLANG_WARN__DUPLICATE_METHOD_MATCH = YES;
				CODE_SIGN_IDENTITY = "iPhone Developer";
				COPY_PHASE_STRIP = NO;
				DEBUG_INFORMATION_FORMAT = dwarf;
				ENABLE_STRICT_OBJC_MSGSEND = YES;
				ENABLE_TESTABILITY = YES;
				GCC_C_LANGUAGE_STANDARD = gnu11;
				GCC_DYNAMIC_NO_PIC = NO;
				GCC_NO_COMMON_BLOCKS = YES;
				GCC_OPTIMIZATION_LEVEL = 0;
				GCC_PREPROCESSOR_DEFINITIONS = (
					"DEBUG=1",
					"$(inherited)",
				);
				GCC_WARN_64_TO_32_BIT_CONVERSION = YES;
				GCC_WARN_ABOUT_RETURN_TYPE = YES_ERROR;
				GCC_WARN_UNDECLARED_SELECTOR = YES;
				GCC_WARN_UNINITIALIZED_AUTOS = YES_AGGRESSIVE;
				GCC_WARN_UNUSED_FUNCTION = YES;
				GCC_WARN_UNUSED_VARIABLE = YES;
				IPHONEOS_DEPLOYMENT_TARGET = 12.1;
				MTL_ENABLE_DEBUG_INFO = INCLUDE_SOURCE;
				MTL_FAST_MATH = YES;
				ONLY_ACTIVE_ARCH = YES;
				SDKROOT = iphoneos;
				SWIFT_ACTIVE_COMPILATION_CONDITIONS = DEBUG;
				SWIFT_OPTIMIZATION_LEVEL = "-Onone";
			};
			name = Debug;
		};
		EE87006C223D3A3800368CB8 /* Release */ = {
			isa = XCBuildConfiguration;
			buildSettings = {
				ALWAYS_SEARCH_USER_PATHS = NO;
				CLANG_ANALYZER_NONNULL = YES;
				CLANG_ANALYZER_NUMBER_OBJECT_CONVERSION = YES_AGGRESSIVE;
				CLANG_CXX_LANGUAGE_STANDARD = "gnu++14";
				CLANG_CXX_LIBRARY = "libc++";
				CLANG_ENABLE_MODULES = YES;
				CLANG_ENABLE_OBJC_ARC = YES;
				CLANG_ENABLE_OBJC_WEAK = YES;
				CLANG_WARN_BLOCK_CAPTURE_AUTORELEASING = YES;
				CLANG_WARN_BOOL_CONVERSION = YES;
				CLANG_WARN_COMMA = YES;
				CLANG_WARN_CONSTANT_CONVERSION = YES;
				CLANG_WARN_DEPRECATED_OBJC_IMPLEMENTATIONS = YES;
				CLANG_WARN_DIRECT_OBJC_ISA_USAGE = YES_ERROR;
				CLANG_WARN_DOCUMENTATION_COMMENTS = YES;
				CLANG_WARN_EMPTY_BODY = YES;
				CLANG_WARN_ENUM_CONVERSION = YES;
				CLANG_WARN_INFINITE_RECURSION = YES;
				CLANG_WARN_INT_CONVERSION = YES;
				CLANG_WARN_NON_LITERAL_NULL_CONVERSION = YES;
				CLANG_WARN_OBJC_IMPLICIT_RETAIN_SELF = YES;
				CLANG_WARN_OBJC_LITERAL_CONVERSION = YES;
				CLANG_WARN_OBJC_ROOT_CLASS = YES_ERROR;
				CLANG_WARN_RANGE_LOOP_ANALYSIS = YES;
				CLANG_WARN_STRICT_PROTOTYPES = YES;
				CLANG_WARN_SUSPICIOUS_MOVE = YES;
				CLANG_WARN_UNGUARDED_AVAILABILITY = YES_AGGRESSIVE;
				CLANG_WARN_UNREACHABLE_CODE = YES;
				CLANG_WARN__DUPLICATE_METHOD_MATCH = YES;
				CODE_SIGN_IDENTITY = "iPhone Developer";
				COPY_PHASE_STRIP = NO;
				DEBUG_INFORMATION_FORMAT = "dwarf-with-dsym";
				ENABLE_NS_ASSERTIONS = NO;
				ENABLE_STRICT_OBJC_MSGSEND = YES;
				GCC_C_LANGUAGE_STANDARD = gnu11;
				GCC_NO_COMMON_BLOCKS = YES;
				GCC_WARN_64_TO_32_BIT_CONVERSION = YES;
				GCC_WARN_ABOUT_RETURN_TYPE = YES_ERROR;
				GCC_WARN_UNDECLARED_SELECTOR = YES;
				GCC_WARN_UNINITIALIZED_AUTOS = YES_AGGRESSIVE;
				GCC_WARN_UNUSED_FUNCTION = YES;
				GCC_WARN_UNUSED_VARIABLE = YES;
				IPHONEOS_DEPLOYMENT_TARGET = 12.1;
				MTL_ENABLE_DEBUG_INFO = NO;
				MTL_FAST_MATH = YES;
				SDKROOT = iphoneos;
				SWIFT_COMPILATION_MODE = wholemodule;
				SWIFT_OPTIMIZATION_LEVEL = "-O";
				VALIDATE_PRODUCT = YES;
			};
			name = Release;
		};
		EE87006E223D3A3800368CB8 /* Debug */ = {
			isa = XCBuildConfiguration;
			buildSettings = {
				ASSETCATALOG_COMPILER_APPICON_NAME = AppIcon;
				CODE_SIGN_STYLE = Automatic;
				DEVELOPMENT_TEAM = Y93HUJS49V;
				INFOPLIST_FILE = "iOS Image Filtering/Info.plist";
				LD_RUNPATH_SEARCH_PATHS = (
					"$(inherited)",
					"@executable_path/Frameworks",
				);
				PRODUCT_BUNDLE_IDENTIFIER = "br.com.victormelo.iOS-Image-Filtering";
				PRODUCT_NAME = "$(TARGET_NAME)";
				SWIFT_VERSION = 4.2;
				TARGETED_DEVICE_FAMILY = "1,2";
			};
			name = Debug;
		};
		EE87006F223D3A3800368CB8 /* Release */ = {
			isa = XCBuildConfiguration;
			buildSettings = {
				ASSETCATALOG_COMPILER_APPICON_NAME = AppIcon;
				CODE_SIGN_STYLE = Automatic;
				DEVELOPMENT_TEAM = Y93HUJS49V;
				INFOPLIST_FILE = "iOS Image Filtering/Info.plist";
				LD_RUNPATH_SEARCH_PATHS = (
					"$(inherited)",
					"@executable_path/Frameworks",
				);
				PRODUCT_BUNDLE_IDENTIFIER = "br.com.victormelo.iOS-Image-Filtering";
				PRODUCT_NAME = "$(TARGET_NAME)";
				SWIFT_VERSION = 4.2;
				TARGETED_DEVICE_FAMILY = "1,2";
			};
			name = Release;
		};
		EE870071223D3A3800368CB8 /* Debug */ = {
			isa = XCBuildConfiguration;
			buildSettings = {
				ALWAYS_EMBED_SWIFT_STANDARD_LIBRARIES = YES;
				BUNDLE_LOADER = "$(TEST_HOST)";
				CODE_SIGN_STYLE = Automatic;
				DEVELOPMENT_TEAM = Y93HUJS49V;
				INFOPLIST_FILE = "iOS Image FilteringTests/Info.plist";
				LD_RUNPATH_SEARCH_PATHS = (
					"$(inherited)",
					"@executable_path/Frameworks",
					"@loader_path/Frameworks",
				);
				PRODUCT_BUNDLE_IDENTIFIER = "br.com.victormelo.iOS-Image-FilteringTests";
				PRODUCT_NAME = "$(TARGET_NAME)";
				SWIFT_VERSION = 4.2;
				TARGETED_DEVICE_FAMILY = "1,2";
				TEST_HOST = "$(BUILT_PRODUCTS_DIR)/iOS Image Filtering.app/iOS Image Filtering";
			};
			name = Debug;
		};
		EE870072223D3A3800368CB8 /* Release */ = {
			isa = XCBuildConfiguration;
			buildSettings = {
				ALWAYS_EMBED_SWIFT_STANDARD_LIBRARIES = YES;
				BUNDLE_LOADER = "$(TEST_HOST)";
				CODE_SIGN_STYLE = Automatic;
				DEVELOPMENT_TEAM = Y93HUJS49V;
				INFOPLIST_FILE = "iOS Image FilteringTests/Info.plist";
				LD_RUNPATH_SEARCH_PATHS = (
					"$(inherited)",
					"@executable_path/Frameworks",
					"@loader_path/Frameworks",
				);
				PRODUCT_BUNDLE_IDENTIFIER = "br.com.victormelo.iOS-Image-FilteringTests";
				PRODUCT_NAME = "$(TARGET_NAME)";
				SWIFT_VERSION = 4.2;
				TARGETED_DEVICE_FAMILY = "1,2";
				TEST_HOST = "$(BUILT_PRODUCTS_DIR)/iOS Image Filtering.app/iOS Image Filtering";
			};
			name = Release;
		};
		EE870074223D3A3800368CB8 /* Debug */ = {
			isa = XCBuildConfiguration;
			buildSettings = {
				ALWAYS_EMBED_SWIFT_STANDARD_LIBRARIES = YES;
				CODE_SIGN_STYLE = Automatic;
				DEVELOPMENT_TEAM = Y93HUJS49V;
				INFOPLIST_FILE = "iOS Image FilteringUITests/Info.plist";
				LD_RUNPATH_SEARCH_PATHS = (
					"$(inherited)",
					"@executable_path/Frameworks",
					"@loader_path/Frameworks",
				);
				PRODUCT_BUNDLE_IDENTIFIER = "br.com.victormelo.iOS-Image-FilteringUITests";
				PRODUCT_NAME = "$(TARGET_NAME)";
				SWIFT_VERSION = 4.2;
				TARGETED_DEVICE_FAMILY = "1,2";
				TEST_TARGET_NAME = "iOS Image Filtering";
			};
			name = Debug;
		};
		EE870075223D3A3800368CB8 /* Release */ = {
			isa = XCBuildConfiguration;
			buildSettings = {
				ALWAYS_EMBED_SWIFT_STANDARD_LIBRARIES = YES;
				CODE_SIGN_STYLE = Automatic;
				DEVELOPMENT_TEAM = Y93HUJS49V;
				INFOPLIST_FILE = "iOS Image FilteringUITests/Info.plist";
				LD_RUNPATH_SEARCH_PATHS = (
					"$(inherited)",
					"@executable_path/Frameworks",
					"@loader_path/Frameworks",
				);
				PRODUCT_BUNDLE_IDENTIFIER = "br.com.victormelo.iOS-Image-FilteringUITests";
				PRODUCT_NAME = "$(TARGET_NAME)";
				SWIFT_VERSION = 4.2;
				TARGETED_DEVICE_FAMILY = "1,2";
				TEST_TARGET_NAME = "iOS Image Filtering";
			};
			name = Release;
		};
/* End XCBuildConfiguration section */

/* Begin XCConfigurationList section */
		EE870040223D3A3600368CB8 /* Build configuration list for PBXProject "iOS Image Filtering" */ = {
			isa = XCConfigurationList;
			buildConfigurations = (
				EE87006B223D3A3800368CB8 /* Debug */,
				EE87006C223D3A3800368CB8 /* Release */,
			);
			defaultConfigurationIsVisible = 0;
			defaultConfigurationName = Release;
		};
		EE87006D223D3A3800368CB8 /* Build configuration list for PBXNativeTarget "iOS Image Filtering" */ = {
			isa = XCConfigurationList;
			buildConfigurations = (
				EE87006E223D3A3800368CB8 /* Debug */,
				EE87006F223D3A3800368CB8 /* Release */,
			);
			defaultConfigurationIsVisible = 0;
			defaultConfigurationName = Release;
		};
		EE870070223D3A3800368CB8 /* Build configuration list for PBXNativeTarget "iOS Image FilteringTests" */ = {
			isa = XCConfigurationList;
			buildConfigurations = (
				EE870071223D3A3800368CB8 /* Debug */,
				EE870072223D3A3800368CB8 /* Release */,
			);
			defaultConfigurationIsVisible = 0;
			defaultConfigurationName = Release;
		};
		EE870073223D3A3800368CB8 /* Build configuration list for PBXNativeTarget "iOS Image FilteringUITests" */ = {
			isa = XCConfigurationList;
			buildConfigurations = (
				EE870074223D3A3800368CB8 /* Debug */,
				EE870075223D3A3800368CB8 /* Release */,
			);
			defaultConfigurationIsVisible = 0;
			defaultConfigurationName = Release;
		};
/* End XCConfigurationList section */
	};
	rootObject = EE87003D223D3A3600368CB8 /* Project object */;
}
